# THIS IS AN AUTOGENERATED FILE. DO NOT EDIT THIS FILE DIRECTLY.
# yarn lockfile v1


"@stardust-configs/prettier-config@0.1.1":
  version "0.1.1"
  resolved "https://registry.yarnpkg.com/@stardust-configs/prettier-config/-/prettier-config-0.1.1.tgz#b79ee6bcd84c926501cd0f4e3b0f02f2bfb57415"
  integrity sha512-KVNeDikcETcc9IuK69kk66O01I/8TdtzY6T4RTcjoqPJtD1NLe/cQkWTTAY6vqXZ8blOwexkOLFv11pXrZTjRA==

nanoid@^3.3.1:
  version "3.3.3"
  resolved "https://registry.yarnpkg.com/nanoid/-/nanoid-3.3.3.tgz#fd8e8b7aa761fe807dba2d1b98fb7241bb724a25"
  integrity sha512-p1sjXuopFs0xg+fPASzQ28agW1oHD7xDsd9Xkf3T15H3c/cifrFHVwrh74PdoklAPi+i7MdRsE47vm2r6JoB+w==

picocolors@^1.0.0:
  version "1.0.0"
  resolved "https://registry.yarnpkg.com/picocolors/-/picocolors-1.0.0.tgz#cb5bdc74ff3f51892236eaf79d68bc44564ab81c"
  integrity sha512-1fygroTLlHu66zi26VoTDv8yRgm0Fccecssto+MhsZ0D/DGW2sm8E8AjW7NU5VVTRt5GxbeZ5qBuJr+HyLYkjQ==

postcss-sorting@^7.0.1:
  version "7.0.1"
  resolved "https://registry.yarnpkg.com/postcss-sorting/-/postcss-sorting-7.0.1.tgz#923b5268451cf2d93ebf8835e17a6537757049a5"
  integrity sha512-iLBFYz6VRYyLJEJsBJ8M3TCqNcckVzz4wFounSc5Oez35ogE/X+aoC5fFu103Ot7NyvjU3/xqIXn93Gp3kJk4g==

postcss@^8.3.11:
  version "8.4.12"
  resolved "https://registry.yarnpkg.com/postcss/-/postcss-8.4.12.tgz#1e7de78733b28970fa4743f7da6f3763648b1905"
  integrity sha512-lg6eITwYe9v6Hr5CncVbK70SoioNQIq81nsaG86ev5hAidQvmOeETBqs7jm43K2F5/Ley3ytDtriImV6TpNiSg==
  dependencies:
    nanoid "^3.3.1"
    picocolors "^1.0.0"
    source-map-js "^1.0.2"

prettier@2.6.2:
  version "2.6.2"
  resolved "https://registry.yarnpkg.com/prettier/-/prettier-2.6.2.tgz#e26d71a18a74c3d0f0597f55f01fb6c06c206032"
  integrity sha512-PkUpF+qoXTqhOeWL9fu7As8LXsIUZ1WYaJiY/a7McAQzxjk82OF0tibkFXVCDImZtWxbvojFjerkiLb0/q8mew==

source-map-js@^1.0.2:
  version "1.0.2"
  resolved "https://registry.yarnpkg.com/source-map-js/-/source-map-js-1.0.2.tgz#adbc361d9c62df380125e7f161f71c826f1e490c"
  integrity sha512-R0XvVJ9WusLiqTCEiGCmICCMplcCkIwwR11mOSD9CR5u+IXYdiseeEuXCVAjS54zqwkLcPNnmU4OeJ6tUrWhDw==

stylelint-config-prettier@9.0.3:
  version "9.0.3"
  resolved "https://registry.yarnpkg.com/stylelint-config-prettier/-/stylelint-config-prettier-9.0.3.tgz#0dccebeff359dcc393c9229184408b08964d561c"
  integrity sha512-5n9gUDp/n5tTMCq1GLqSpA30w2sqWITSSEiAWQlpxkKGAUbjcemQ0nbkRvRUa0B1LgD3+hCvdL7B1eTxy1QHJg==

stylelint-config-recess-order@3.0.0:
  version "3.0.0"
  resolved "https://registry.yarnpkg.com/stylelint-config-recess-order/-/stylelint-config-recess-order-3.0.0.tgz#f6f378179becd3e0842101cf652a30733aac25b1"
  integrity sha512-uNXrlDz570Q7HJlrq8mNjgfO/xlKIh2hKVKEFMTG1/ih/6tDLcTbuvO1Zoo2dnQay990OAkWLDpTDOorB+hmBw==
  dependencies:
    stylelint-order "5.x"

stylelint-order@5.x:
  version "5.0.0"
  resolved "https://registry.yarnpkg.com/stylelint-order/-/stylelint-order-5.0.0.tgz#abd20f6b85ac640774cbe40e70d3fe9c6fdf4400"
  integrity sha512-OWQ7pmicXufDw5BlRqzdz3fkGKJPgLyDwD1rFY3AIEfIH/LQY38Vu/85v8/up0I+VPiuGRwbc2Hg3zLAsJaiyw==
  dependencies:
    postcss "^8.3.11"
    postcss-sorting "^7.0.1"
